
Microsoft Visual Studio Solution File, Format Version 12.00
# Visual Studio Version 17
VisualStudioVersion = 17.13.35919.96 d17.13
MinimumVisualStudioVersion = 10.0.40219.1
Project("{9A19103F-16F7-4668-BE54-9A1E7A4F7556}") = "SME.SERAp.Prova.Api", "src\SME.SERAp.Prova.Api\SME.SERAp.Prova.Api.csproj", "{560F45EE-97DA-4072-9460-C59EF94D9D6A}"
EndProject
Project("{2150E333-8FDC-42A3-9474-1A3956D46DE8}") = "src", "src", "{A02A688A-248E-4B5C-BFB1-68F75E77EE26}"
EndProject
Project("{9A19103F-16F7-4668-BE54-9A1E7A4F7556}") = "SME.SERAp.Prova.Dominio", "src\SME.SERAp.Prova.Dominio\SME.SERAp.Prova.Dominio.csproj", "{EF071A55-A8C9-4005-A11E-32B15092343E}"
EndProject
Project("{9A19103F-16F7-4668-BE54-9A1E7A4F7556}") = "SME.SERAp.Prova.Aplicacao", "src\SME.SERAp.Prova.Aplicacao\SME.SERAp.Prova.Aplicacao.csproj", "{3A9AC6FB-2CD8-45A4-AFBF-CEBEBD419A9A}"
EndProject
Project("{9A19103F-16F7-4668-BE54-9A1E7A4F7556}") = "SME.SERAp.Prova.Infra", "src\SME.SERAp.Prova.Infra\SME.SERAp.Prova.Infra.csproj", "{2C2B4ECA-4CF4-4E58-B3A6-3DE9FE174672}"
EndProject
Project("{9A19103F-16F7-4668-BE54-9A1E7A4F7556}") = "SME.SERAp.Prova.IoC", "src\SME.SERAp.Prova.IoC\SME.SERAp.Prova.IoC.csproj", "{D15ACC95-DDB4-4203-B3E6-4EFFFF070A8C}"
EndProject
Project("{9A19103F-16F7-4668-BE54-9A1E7A4F7556}") = "SME.SERAp.Prova.Dados", "src\SME.SERAp.Prova.Dados\SME.SERAp.Prova.Dados.csproj", "{8FF8143C-51A3-4C23-AFCA-DF0CC2B758F9}"
EndProject
Project("{2150E333-8FDC-42A3-9474-1A3956D46DE8}") = "teste", "teste", "{2EBCDF4C-D424-4985-A56F-9C23E402AD1D}"
EndProject
Project("{9A19103F-16F7-4668-BE54-9A1E7A4F7556}") = "SME.SERAp.Aplicacao.Test", "teste\SME.SERAp.Aplicacao.Test\SME.SERAp.Aplicacao.Test.csproj", "{75C29D4C-6FD5-4378-A266-FF43765D38CB}"
EndProject
Project("{9A19103F-16F7-4668-BE54-9A1E7A4F7556}") = "SME.SERAp.Dominio.Test", "teste\SME.SERAp.Dominio.Test\SME.SERAp.Dominio.Test.csproj", "{B4A9C01D-EEC8-4F84-B7BE-CFC0ABDB43F6}"
EndProject
Project("{E53339B2-1760-4266-BCC7-CA923CBCF16C}") = "docker-compose", "docker-compose.dcproj", "{E479698E-5F82-4E0C-ADBB-9C632A6155C4}"
EndProject
Global
	GlobalSection(SolutionConfigurationPlatforms) = preSolution
		Debug|Any CPU = Debug|Any CPU
		Release|Any CPU = Release|Any CPU
	EndGlobalSection
	GlobalSection(ProjectConfigurationPlatforms) = postSolution
		{560F45EE-97DA-4072-9460-C59EF94D9D6A}.Debug|Any CPU.ActiveCfg = Debug|Any CPU
		{560F45EE-97DA-4072-9460-C59EF94D9D6A}.Debug|Any CPU.Build.0 = Debug|Any CPU
		{560F45EE-97DA-4072-9460-C59EF94D9D6A}.Release|Any CPU.ActiveCfg = Release|Any CPU
		{560F45EE-97DA-4072-9460-C59EF94D9D6A}.Release|Any CPU.Build.0 = Release|Any CPU
		{EF071A55-A8C9-4005-A11E-32B15092343E}.Debug|Any CPU.ActiveCfg = Debug|Any CPU
		{EF071A55-A8C9-4005-A11E-32B15092343E}.Debug|Any CPU.Build.0 = Debug|Any CPU
		{EF071A55-A8C9-4005-A11E-32B15092343E}.Release|Any CPU.ActiveCfg = Release|Any CPU
		{EF071A55-A8C9-4005-A11E-32B15092343E}.Release|Any CPU.Build.0 = Release|Any CPU
		{3A9AC6FB-2CD8-45A4-AFBF-CEBEBD419A9A}.Debug|Any CPU.ActiveCfg = Debug|Any CPU
		{3A9AC6FB-2CD8-45A4-AFBF-CEBEBD419A9A}.Debug|Any CPU.Build.0 = Debug|Any CPU
		{3A9AC6FB-2CD8-45A4-AFBF-CEBEBD419A9A}.Release|Any CPU.ActiveCfg = Release|Any CPU
		{3A9AC6FB-2CD8-45A4-AFBF-CEBEBD419A9A}.Release|Any CPU.Build.0 = Release|Any CPU
		{2C2B4ECA-4CF4-4E58-B3A6-3DE9FE174672}.Debug|Any CPU.ActiveCfg = Debug|Any CPU
		{2C2B4ECA-4CF4-4E58-B3A6-3DE9FE174672}.Debug|Any CPU.Build.0 = Debug|Any CPU
		{2C2B4ECA-4CF4-4E58-B3A6-3DE9FE174672}.Release|Any CPU.ActiveCfg = Release|Any CPU
		{2C2B4ECA-4CF4-4E58-B3A6-3DE9FE174672}.Release|Any CPU.Build.0 = Release|Any CPU
		{D15ACC95-DDB4-4203-B3E6-4EFFFF070A8C}.Debug|Any CPU.ActiveCfg = Debug|Any CPU
		{D15ACC95-DDB4-4203-B3E6-4EFFFF070A8C}.Debug|Any CPU.Build.0 = Debug|Any CPU
		{D15ACC95-DDB4-4203-B3E6-4EFFFF070A8C}.Release|Any CPU.ActiveCfg = Release|Any CPU
		{D15ACC95-DDB4-4203-B3E6-4EFFFF070A8C}.Release|Any CPU.Build.0 = Release|Any CPU
		{8FF8143C-51A3-4C23-AFCA-DF0CC2B758F9}.Debug|Any CPU.ActiveCfg = Debug|Any CPU
		{8FF8143C-51A3-4C23-AFCA-DF0CC2B758F9}.Debug|Any CPU.Build.0 = Debug|Any CPU
		{8FF8143C-51A3-4C23-AFCA-DF0CC2B758F9}.Release|Any CPU.ActiveCfg = Release|Any CPU
		{8FF8143C-51A3-4C23-AFCA-DF0CC2B758F9}.Release|Any CPU.Build.0 = Release|Any CPU
		{75C29D4C-6FD5-4378-A266-FF43765D38CB}.Debug|Any CPU.ActiveCfg = Debug|Any CPU
		{75C29D4C-6FD5-4378-A266-FF43765D38CB}.Debug|Any CPU.Build.0 = Debug|Any CPU
		{75C29D4C-6FD5-4378-A266-FF43765D38CB}.Release|Any CPU.ActiveCfg = Release|Any CPU
		{75C29D4C-6FD5-4378-A266-FF43765D38CB}.Release|Any CPU.Build.0 = Release|Any CPU
		{B4A9C01D-EEC8-4F84-B7BE-CFC0ABDB43F6}.Debug|Any CPU.ActiveCfg = Debug|Any CPU
		{B4A9C01D-EEC8-4F84-B7BE-CFC0ABDB43F6}.Debug|Any CPU.Build.0 = Debug|Any CPU
		{B4A9C01D-EEC8-4F84-B7BE-CFC0ABDB43F6}.Release|Any CPU.ActiveCfg = Release|Any CPU
		{B4A9C01D-EEC8-4F84-B7BE-CFC0ABDB43F6}.Release|Any CPU.Build.0 = Release|Any CPU
		{E479698E-5F82-4E0C-ADBB-9C632A6155C4}.Debug|Any CPU.ActiveCfg = Debug|Any CPU
		{E479698E-5F82-4E0C-ADBB-9C632A6155C4}.Debug|Any CPU.Build.0 = Debug|Any CPU
		{E479698E-5F82-4E0C-ADBB-9C632A6155C4}.Release|Any CPU.ActiveCfg = Release|Any CPU
		{E479698E-5F82-4E0C-ADBB-9C632A6155C4}.Release|Any CPU.Build.0 = Release|Any CPU
	EndGlobalSection
	GlobalSection(SolutionProperties) = preSolution
		HideSolutionNode = FALSE
	EndGlobalSection
	GlobalSection(NestedProjects) = preSolution
		{560F45EE-97DA-4072-9460-C59EF94D9D6A} = {A02A688A-248E-4B5C-BFB1-68F75E77EE26}
		{EF071A55-A8C9-4005-A11E-32B15092343E} = {A02A688A-248E-4B5C-BFB1-68F75E77EE26}
		{3A9AC6FB-2CD8-45A4-AFBF-CEBEBD419A9A} = {A02A688A-248E-4B5C-BFB1-68F75E77EE26}
		{2C2B4ECA-4CF4-4E58-B3A6-3DE9FE174672} = {A02A688A-248E-4B5C-BFB1-68F75E77EE26}
		{D15ACC95-DDB4-4203-B3E6-4EFFFF070A8C} = {A02A688A-248E-4B5C-BFB1-68F75E77EE26}
		{8FF8143C-51A3-4C23-AFCA-DF0CC2B758F9} = {A02A688A-248E-4B5C-BFB1-68F75E77EE26}
		{75C29D4C-6FD5-4378-A266-FF43765D38CB} = {2EBCDF4C-D424-4985-A56F-9C23E402AD1D}
		{B4A9C01D-EEC8-4F84-B7BE-CFC0ABDB43F6} = {2EBCDF4C-D424-4985-A56F-9C23E402AD1D}
	EndGlobalSection
	GlobalSection(ExtensibilityGlobals) = postSolution
		SolutionGuid = {DC2C6D23-D996-4997-B119-79E686CE3904}
	EndGlobalSection
EndGlobal
